
Microsoft Visual Studio Solution File, Format Version 12.00
# Visual Studio Version 16
VisualStudioVersion = 16.0.33920.266
MinimumVisualStudioVersion = 10.0.40219.1
Project("{FAE04EC0-301F-11D3-BF4B-00C04F79EFBC}") = "Arrays (8 de septiembre)", "Arrays (8 de septiembre).csproj", "{DC4C432F-9211-44E4-800E-40115954C4C7}"
EndProject
Global
	GlobalSection(SolutionConfigurationPlatforms) = preSolution
		Debug|Any CPU = Debug|Any CPU
		Release|Any CPU = Release|Any CPU
	EndGlobalSection
	GlobalSection(ProjectConfigurationPlatforms) = postSolution
		{DC4C432F-9211-44E4-800E-40115954C4C7}.Debug|Any CPU.ActiveCfg = Debug|Any CPU
		{DC4C432F-9211-44E4-800E-40115954C4C7}.Debug|Any CPU.Build.0 = Debug|Any CPU
		{DC4C432F-9211-44E4-800E-40115954C4C7}.Release|Any CPU.ActiveCfg = Release|Any CPU
		{DC4C432F-9211-44E4-800E-40115954C4C7}.Release|Any CPU.Build.0 = Release|Any CPU
	EndGlobalSection
	GlobalSection(SolutionProperties) = preSolution
		HideSolutionNode = FALSE
	EndGlobalSection
	GlobalSection(ExtensibilityGlobals) = postSolution
		SolutionGuid = {C81B6211-ED58-4FC3-B653-BB6D1AD0256E}
	EndGlobalSection
EndGlobal
